
Microsoft Visual Studio Solution File, Format Version 12.00
# Visual Studio Version 16
VisualStudioVersion = 16.0.31729.503
MinimumVisualStudioVersion = 10.0.40219.1
Project("{F184B08F-C81C-45F6-A57F-5ABD9991F28F}") = "SendEmail", "SendEmail.vbproj", "{2C170806-7B23-493F-90D4-C90156A1F9A4}"
EndProject
Global
	GlobalSection(SolutionConfigurationPlatforms) = preSolution
		Debug|Any CPU = Debug|Any CPU
		Release|Any CPU = Release|Any CPU
	EndGlobalSection
	GlobalSection(ProjectConfigurationPlatforms) = postSolution
		{2C170806-7B23-493F-90D4-C90156A1F9A4}.Debug|Any CPU.ActiveCfg = Debug|Any CPU
		{2C170806-7B23-493F-90D4-C90156A1F9A4}.Debug|Any CPU.Build.0 = Debug|Any CPU
		{2C170806-7B23-493F-90D4-C90156A1F9A4}.Release|Any CPU.ActiveCfg = Release|Any CPU
		{2C170806-7B23-493F-90D4-C90156A1F9A4}.Release|Any CPU.Build.0 = Release|Any CPU
	EndGlobalSection
	GlobalSection(SolutionProperties) = preSolution
		HideSolutionNode = FALSE
	EndGlobalSection
	GlobalSection(ExtensibilityGlobals) = postSolution
		SolutionGuid = {56F639B0-506B-42A8-994D-2DA33415ED3A}
	EndGlobalSection
EndGlobal
